// !$*UTF8*$!
{
	archiveVersion = 1;
	classes = {
	};
	objectVersion = 51;
	objects = {

/* Begin PBXBuildFile section */
		45CB31759918A7930DEE1350 /* Pods_AR_Biulding_GIS.framework in Frameworks */ = {isa = PBXBuildFile; fileRef = 8E21E9A9679F6B6399819E6A /* Pods_AR_Biulding_GIS.framework */; };
		B725E0C625281BFF00B593ED /* PolylineDraw.swift in Sources */ = {isa = PBXBuildFile; fileRef = B725E0C525281BFF00B593ED /* PolylineDraw.swift */; };
		B725E0C925281C4E00B593ED /* gesturedelegate.swift in Sources */ = {isa = PBXBuildFile; fileRef = B725E0C825281C4E00B593ED /* gesturedelegate.swift */; };
		B725E0CF25282EFA00B593ED /* ARController.swift in Sources */ = {isa = PBXBuildFile; fileRef = B725E0CE25282EFA00B593ED /* ARController.swift */; };
		B725E0D12528306500B593ED /* SCeneARStoryboard.storyboard in Resources */ = {isa = PBXBuildFile; fileRef = B725E0D02528306500B593ED /* SCeneARStoryboard.storyboard */; };
		B725E0D32528330300B593ED /* NetworkService.swift in Sources */ = {isa = PBXBuildFile; fileRef = B725E0D22528330300B593ED /* NetworkService.swift */; };
		B725E0E2252834D800B593ED /* SessionAR.swift in Sources */ = {isa = PBXBuildFile; fileRef = B725E0E1252834D800B593ED /* SessionAR.swift */; };
		B725E0E4252835F900B593ED /* extensionSCNNode.swift in Sources */ = {isa = PBXBuildFile; fileRef = B725E0E3252835F900B593ED /* extensionSCNNode.swift */; };
		B7326F4925279F2200817C5B /* AppDelegate.swift in Sources */ = {isa = PBXBuildFile; fileRef = B7326F4825279F2200817C5B /* AppDelegate.swift */; };
		B7326F4B25279F2200817C5B /* SceneDelegate.swift in Sources */ = {isa = PBXBuildFile; fileRef = B7326F4A25279F2200817C5B /* SceneDelegate.swift */; };
		B7326F4D25279F2200817C5B /* MapViewController.swift in Sources */ = {isa = PBXBuildFile; fileRef = B7326F4C25279F2200817C5B /* MapViewController.swift */; };
		B7326F5025279F2200817C5B /* Main(old).storyboard in Resources */ = {isa = PBXBuildFile; fileRef = B7326F4E25279F2200817C5B /* Main(old).storyboard */; };
		B7326F5225279F2400817C5B /* Assets.xcassets in Resources */ = {isa = PBXBuildFile; fileRef = B7326F5125279F2400817C5B /* Assets.xcassets */; };
		B7326F5525279F2400817C5B /* LaunchScreen.storyboard in Resources */ = {isa = PBXBuildFile; fileRef = B7326F5325279F2400817C5B /* LaunchScreen.storyboard */; };
		B7A483A32527A88100228640 /* LocationManager.swift in Sources */ = {isa = PBXBuildFile; fileRef = B7A483A22527A88100228640 /* LocationManager.swift */; };
		B7A483A52527A9D300228640 /* helperPositionIndicator.swift in Sources */ = {isa = PBXBuildFile; fileRef = B7A483A42527A9D300228640 /* helperPositionIndicator.swift */; };
		B7D5209A2528BDB600CD0EB7 /* Maps.storyboard in Resources */ = {isa = PBXBuildFile; fileRef = B7D520992528BDB600CD0EB7 /* Maps.storyboard */; };
		B7D5209F2528BE9700CD0EB7 /* MapSceneViewController.swift in Sources */ = {isa = PBXBuildFile; fileRef = B7D5209E2528BE9700CD0EB7 /* MapSceneViewController.swift */; };
		B7D520A22528D20800CD0EB7 /* sceneView.swift in Sources */ = {isa = PBXBuildFile; fileRef = B7D520A12528D20800CD0EB7 /* sceneView.swift */; };
		B7D520AA2528F46A00CD0EB7 /* scn.scnassets in Resources */ = {isa = PBXBuildFile; fileRef = B7D520A92528F46A00CD0EB7 /* scn.scnassets */; };
		B7D520AD2529046E00CD0EB7 /* helperGeometry.swift in Sources */ = {isa = PBXBuildFile; fileRef = B7D520AC2529046E00CD0EB7 /* helperGeometry.swift */; };
		B7D520B42529097000CD0EB7 /* generateMeshSRTM.swift in Sources */ = {isa = PBXBuildFile; fileRef = B7D520B32529097000CD0EB7 /* generateMeshSRTM.swift */; };
		B7D520B825290A7D00CD0EB7 /* StartApp.swift in Sources */ = {isa = PBXBuildFile; fileRef = B7D520B725290A7D00CD0EB7 /* StartApp.swift */; };
		B7D520BB25290A8800CD0EB7 /* StartApp.storyboard in Resources */ = {isa = PBXBuildFile; fileRef = B7D520BA25290A8800CD0EB7 /* StartApp.storyboard */; };
/* End PBXBuildFile section */

/* Begin PBXFileReference section */
		72254E5E6C24B49E8C7DD9B3 /* Pods-AR Biulding GIS.release.xcconfig */ = {isa = PBXFileReference; includeInIndex = 1; lastKnownFileType = text.xcconfig; name = "Pods-AR Biulding GIS.release.xcconfig"; path = "Target Support Files/Pods-AR Biulding GIS/Pods-AR Biulding GIS.release.xcconfig"; sourceTree = "<group>"; };
		78F41AD8774E51913663123D /* Pods-AR Biulding GIS.debug.xcconfig */ = {isa = PBXFileReference; includeInIndex = 1; lastKnownFileType = text.xcconfig; name = "Pods-AR Biulding GIS.debug.xcconfig"; path = "Target Support Files/Pods-AR Biulding GIS/Pods-AR Biulding GIS.debug.xcconfig"; sourceTree = "<group>"; };
		8E21E9A9679F6B6399819E6A /* Pods_AR_Biulding_GIS.framework */ = {isa = PBXFileReference; explicitFileType = wrapper.framework; includeInIndex = 0; path = Pods_AR_Biulding_GIS.framework; sourceTree = BUILT_PRODUCTS_DIR; };
		B707E20A2527A17C0053612F /* heresdk.xcframework */ = {isa = PBXFileReference; lastKnownFileType = wrapper.xcframework; name = heresdk.xcframework; path = "../../../../Downloads/heresdk-explore-ios-4.5.0.0.3276/heresdk/frameworks/heresdk.xcframework"; sourceTree = "<group>"; };
		B725E0C525281BFF00B593ED /* PolylineDraw.swift */ = {isa = PBXFileReference; lastKnownFileType = sourcecode.swift; path = PolylineDraw.swift; sourceTree = "<group>"; };
		B725E0C825281C4E00B593ED /* gesturedelegate.swift */ = {isa = PBXFileReference; lastKnownFileType = sourcecode.swift; path = gesturedelegate.swift; sourceTree = "<group>"; };
		B725E0CE25282EFA00B593ED /* ARController.swift */ = {isa = PBXFileReference; lastKnownFileType = sourcecode.swift; path = ARController.swift; sourceTree = "<group>"; };
		B725E0D02528306500B593ED /* SCeneARStoryboard.storyboard */ = {isa = PBXFileReference; lastKnownFileType = file.storyboard; path = SCeneARStoryboard.storyboard; sourceTree = "<group>"; };
		B725E0D22528330300B593ED /* NetworkService.swift */ = {isa = PBXFileReference; lastKnownFileType = sourcecode.swift; path = NetworkService.swift; sourceTree = "<group>"; };
		B725E0E1252834D800B593ED /* SessionAR.swift */ = {isa = PBXFileReference; lastKnownFileType = sourcecode.swift; path = SessionAR.swift; sourceTree = "<group>"; };
		B725E0E3252835F900B593ED /* extensionSCNNode.swift */ = {isa = PBXFileReference; lastKnownFileType = sourcecode.swift; path = extensionSCNNode.swift; sourceTree = "<group>"; };
		B7326F4525279F2200817C5B /* AR Biulding GIS.app */ = {isa = PBXFileReference; explicitFileType = wrapper.application; includeInIndex = 0; path = "AR Biulding GIS.app"; sourceTree = BUILT_PRODUCTS_DIR; };
		B7326F4825279F2200817C5B /* AppDelegate.swift */ = {isa = PBXFileReference; lastKnownFileType = sourcecode.swift; path = AppDelegate.swift; sourceTree = "<group>"; };
		B7326F4A25279F2200817C5B /* SceneDelegate.swift */ = {isa = PBXFileReference; lastKnownFileType = sourcecode.swift; path = SceneDelegate.swift; sourceTree = "<group>"; };
		B7326F4C25279F2200817C5B /* MapViewController.swift */ = {isa = PBXFileReference; lastKnownFileType = sourcecode.swift; path = MapViewController.swift; sourceTree = "<group>"; };
		B7326F4F25279F2200817C5B /* Base */ = {isa = PBXFileReference; lastKnownFileType = file.storyboard; name = Base; path = "Base.lproj/Main(old).storyboard"; sourceTree = "<group>"; };
		B7326F5125279F2400817C5B /* Assets.xcassets */ = {isa = PBXFileReference; lastKnownFileType = folder.assetcatalog; path = Assets.xcassets; sourceTree = "<group>"; };
		B7326F5425279F2400817C5B /* Base */ = {isa = PBXFileReference; lastKnownFileType = file.storyboard; name = Base; path = Base.lproj/LaunchScreen.storyboard; sourceTree = "<group>"; };
		B7326F5625279F2400817C5B /* Info.plist */ = {isa = PBXFileReference; lastKnownFileType = text.plist.xml; path = Info.plist; sourceTree = "<group>"; };
		B7A483A22527A88100228640 /* LocationManager.swift */ = {isa = PBXFileReference; lastKnownFileType = sourcecode.swift; path = LocationManager.swift; sourceTree = "<group>"; };
		B7A483A42527A9D300228640 /* helperPositionIndicator.swift */ = {isa = PBXFileReference; lastKnownFileType = sourcecode.swift; path = helperPositionIndicator.swift; sourceTree = "<group>"; };
		B7D520992528BDB600CD0EB7 /* Maps.storyboard */ = {isa = PBXFileReference; lastKnownFileType = file.storyboard; path = Maps.storyboard; sourceTree = "<group>"; };
		B7D5209E2528BE9700CD0EB7 /* MapSceneViewController.swift */ = {isa = PBXFileReference; lastKnownFileType = sourcecode.swift; path = MapSceneViewController.swift; sourceTree = "<group>"; };
		B7D520A12528D20800CD0EB7 /* sceneView.swift */ = {isa = PBXFileReference; lastKnownFileType = sourcecode.swift; path = sceneView.swift; sourceTree = "<group>"; };
		B7D520A92528F46A00CD0EB7 /* scn.scnassets */ = {isa = PBXFileReference; lastKnownFileType = wrapper.scnassets; path = scn.scnassets; sourceTree = "<group>"; };
		B7D520AC2529046E00CD0EB7 /* helperGeometry.swift */ = {isa = PBXFileReference; lastKnownFileType = sourcecode.swift; path = helperGeometry.swift; sourceTree = "<group>"; };
		B7D520B32529097000CD0EB7 /* generateMeshSRTM.swift */ = {isa = PBXFileReference; lastKnownFileType = sourcecode.swift; path = generateMeshSRTM.swift; sourceTree = "<group>"; };
		B7D520B725290A7D00CD0EB7 /* StartApp.swift */ = {isa = PBXFileReference; lastKnownFileType = sourcecode.swift; path = StartApp.swift; sourceTree = "<group>"; };
		B7D520BA25290A8800CD0EB7 /* StartApp.storyboard */ = {isa = PBXFileReference; lastKnownFileType = file.storyboard; path = StartApp.storyboard; sourceTree = "<group>"; };
/* End PBXFileReference section */

/* Begin PBXFrameworksBuildPhase section */
		B7326F4225279F2200817C5B /* Frameworks */ = {
			isa = PBXFrameworksBuildPhase;
			buildActionMask = 2147483647;
			files = (
				45CB31759918A7930DEE1350 /* Pods_AR_Biulding_GIS.framework in Frameworks */,
			);
			runOnlyForDeploymentPostprocessing = 0;
		};
/* End PBXFrameworksBuildPhase section */

/* Begin PBXGroup section */
		B707E2092527A17C0053612F /* Frameworks */ = {
			isa = PBXGroup;
			children = (
				B707E20A2527A17C0053612F /* heresdk.xcframework */,
				8E21E9A9679F6B6399819E6A /* Pods_AR_Biulding_GIS.framework */,
			);
			name = Frameworks;
			sourceTree = "<group>";
		};
		B707E20E2527A1B60053612F /* LocationService */ = {
			isa = PBXGroup;
			children = (
				B725E0D22528330300B593ED /* NetworkService.swift */,
				B7A483A22527A88100228640 /* LocationManager.swift */,
			);
			path = LocationService;
			sourceTree = "<group>";
		};
		B707E20F2527A1B90053612F /* MapsServiceOld(here_api) */ = {
			isa = PBXGroup;
			children = (
				B7A483A42527A9D300228640 /* helperPositionIndicator.swift */,
				B725E0C725281C3600B593ED /* extension+GestureDelegate */,
				B725E0C425281BEB00B593ED /* Helper */,
			);
			path = "MapsServiceOld(here_api)";
			sourceTree = "<group>";
		};
		B707E2102527A1BC0053612F /* Application */ = {
			isa = PBXGroup;
			children = (
				B7D520B625290A6B00CD0EB7 /* StartHelper */,
				B7D520B22529095700CD0EB7 /* HelperGenerateSRTM */,
				B7D5209B2528BE2B00CD0EB7 /* Controller */,
				B7D520982528BDA300CD0EB7 /* View */,
				B707E2132527A20B0053612F /* Delegate */,
				B707E2122527A1F90053612F /* ControllerOld */,
				B707E2112527A1F00053612F /* ViewOld(here_api) */,
			);
			path = Application;
			sourceTree = "<group>";
		};
		B707E2112527A1F00053612F /* ViewOld(here_api) */ = {
			isa = PBXGroup;
			children = (
				B7326F4E25279F2200817C5B /* Main(old).storyboard */,
				B7326F5325279F2400817C5B /* LaunchScreen.storyboard */,
			);
			path = "ViewOld(here_api)";
			sourceTree = "<group>";
		};
		B707E2122527A1F90053612F /* ControllerOld */ = {
			isa = PBXGroup;
			children = (
				B7326F4C25279F2200817C5B /* MapViewController.swift */,
			);
			path = ControllerOld;
			sourceTree = "<group>";
		};
		B707E2132527A20B0053612F /* Delegate */ = {
			isa = PBXGroup;
			children = (
				B7326F4825279F2200817C5B /* AppDelegate.swift */,
				B7326F4A25279F2200817C5B /* SceneDelegate.swift */,
			);
			path = Delegate;
			sourceTree = "<group>";
		};
		B725E0C425281BEB00B593ED /* Helper */ = {
			isa = PBXGroup;
			children = (
				B725E0C525281BFF00B593ED /* PolylineDraw.swift */,
			);
			path = Helper;
			sourceTree = "<group>";
		};
		B725E0C725281C3600B593ED /* extension+GestureDelegate */ = {
			isa = PBXGroup;
			children = (
				B725E0C825281C4E00B593ED /* gesturedelegate.swift */,
			);
			path = "extension+GestureDelegate";
			sourceTree = "<group>";
		};
		B725E0CD25282EE600B593ED /* ARSceneController */ = {
			isa = PBXGroup;
			children = (
				B725E0CE25282EFA00B593ED /* ARController.swift */,
				B725E0D02528306500B593ED /* SCeneARStoryboard.storyboard */,
				B725E0E1252834D800B593ED /* SessionAR.swift */,
				B725E0E3252835F900B593ED /* extensionSCNNode.swift */,
				B7D520A92528F46A00CD0EB7 /* scn.scnassets */,
			);
			path = ARSceneController;
			sourceTree = "<group>";
		};
		B7326F3C25279F2200817C5B = {
			isa = PBXGroup;
			children = (
				B7326F4725279F2200817C5B /* AR Biulding GIS */,
				B7326F4625279F2200817C5B /* Products */,
				B707E2092527A17C0053612F /* Frameworks */,
				D09AC279CA5C1F637DB718D1 /* Pods */,
			);
			sourceTree = "<group>";
		};
		B7326F4625279F2200817C5B /* Products */ = {
			isa = PBXGroup;
			children = (
				B7326F4525279F2200817C5B /* AR Biulding GIS.app */,
			);
			name = Products;
			sourceTree = "<group>";
		};
		B7326F4725279F2200817C5B /* AR Biulding GIS */ = {
			isa = PBXGroup;
			children = (
				B725E0CD25282EE600B593ED /* ARSceneController */,
				B707E2102527A1BC0053612F /* Application */,
				B707E20F2527A1B90053612F /* MapsServiceOld(here_api) */,
				B707E20E2527A1B60053612F /* LocationService */,
				B7326F5125279F2400817C5B /* Assets.xcassets */,
				B7326F5625279F2400817C5B /* Info.plist */,
			);
			path = "AR Biulding GIS";
			sourceTree = "<group>";
		};
		B7D520982528BDA300CD0EB7 /* View */ = {
			isa = PBXGroup;
			children = (
				B7D520992528BDB600CD0EB7 /* Maps.storyboard */,
			);
			path = View;
			sourceTree = "<group>";
		};
		B7D5209B2528BE2B00CD0EB7 /* Controller */ = {
			isa = PBXGroup;
			children = (
				B7D5209E2528BE9700CD0EB7 /* MapSceneViewController.swift */,
				B7D520A12528D20800CD0EB7 /* sceneView.swift */,
				B7D520AC2529046E00CD0EB7 /* helperGeometry.swift */,
			);
			path = Controller;
			sourceTree = "<group>";
		};
		B7D520B22529095700CD0EB7 /* HelperGenerateSRTM */ = {
			isa = PBXGroup;
			children = (
				B7D520B32529097000CD0EB7 /* generateMeshSRTM.swift */,
			);
			path = HelperGenerateSRTM;
			sourceTree = "<group>";
		};
		B7D520B625290A6B00CD0EB7 /* StartHelper */ = {
			isa = PBXGroup;
			children = (
				B7D520B725290A7D00CD0EB7 /* StartApp.swift */,
				B7D520BA25290A8800CD0EB7 /* StartApp.storyboard */,
			);
			path = StartHelper;
			sourceTree = "<group>";
		};
		D09AC279CA5C1F637DB718D1 /* Pods */ = {
			isa = PBXGroup;
			children = (
				78F41AD8774E51913663123D /* Pods-AR Biulding GIS.debug.xcconfig */,
				72254E5E6C24B49E8C7DD9B3 /* Pods-AR Biulding GIS.release.xcconfig */,
			);
			path = Pods;
			sourceTree = "<group>";
		};
/* End PBXGroup section */

/* Begin PBXNativeTarget section */
		B7326F4425279F2200817C5B /* AR Biulding GIS */ = {
			isa = PBXNativeTarget;
			buildConfigurationList = B7326F5925279F2400817C5B /* Build configuration list for PBXNativeTarget "AR Biulding GIS" */;
			buildPhases = (
				ACD4EB0393ECEFAE47518774 /* [CP] Check Pods Manifest.lock */,
				B7326F4125279F2200817C5B /* Sources */,
				B7326F4225279F2200817C5B /* Frameworks */,
				B7326F4325279F2200817C5B /* Resources */,
				FC3A858AD6AA550EE92FAF19 /* [CP] Embed Pods Frameworks */,
			);
			buildRules = (
			);
			dependencies = (
			);
			name = "AR Biulding GIS";
			productName = "AR Biulding GIS";
			productReference = B7326F4525279F2200817C5B /* AR Biulding GIS.app */;
			productType = "com.apple.product-type.application";
		};
/* End PBXNativeTarget section */

/* Begin PBXProject section */
		B7326F3D25279F2200817C5B /* Project object */ = {
			isa = PBXProject;
			attributes = {
				LastSwiftUpdateCheck = 1200;
				LastUpgradeCheck = 1200;
				TargetAttributes = {
					B7326F4425279F2200817C5B = {
						CreatedOnToolsVersion = 12.0.1;
					};
				};
			};
			buildConfigurationList = B7326F4025279F2200817C5B /* Build configuration list for PBXProject "AR Biulding GIS" */;
			compatibilityVersion = "Xcode 9.3";
			developmentRegion = en;
			hasScannedForEncodings = 0;
			knownRegions = (
				en,
				Base,
			);
			mainGroup = B7326F3C25279F2200817C5B;
			productRefGroup = B7326F4625279F2200817C5B /* Products */;
			projectDirPath = "";
			projectRoot = "";
			targets = (
				B7326F4425279F2200817C5B /* AR Biulding GIS */,
			);
		};
/* End PBXProject section */

/* Begin PBXResourcesBuildPhase section */
		B7326F4325279F2200817C5B /* Resources */ = {
			isa = PBXResourcesBuildPhase;
			buildActionMask = 2147483647;
			files = (
				B7326F5525279F2400817C5B /* LaunchScreen.storyboard in Resources */,
				B7D520BB25290A8800CD0EB7 /* StartApp.storyboard in Resources */,
				B7D5209A2528BDB600CD0EB7 /* Maps.storyboard in Resources */,
				B725E0D12528306500B593ED /* SCeneARStoryboard.storyboard in Resources */,
				B7326F5225279F2400817C5B /* Assets.xcassets in Resources */,
				B7D520AA2528F46A00CD0EB7 /* scn.scnassets in Resources */,
				B7326F5025279F2200817C5B /* Main(old).storyboard in Resources */,
			);
			runOnlyForDeploymentPostprocessing = 0;
		};
/* End PBXResourcesBuildPhase section */

/* Begin PBXShellScriptBuildPhase section */
		ACD4EB0393ECEFAE47518774 /* [CP] Check Pods Manifest.lock */ = {
			isa = PBXShellScriptBuildPhase;
			buildActionMask = 2147483647;
			files = (
			);
			inputFileListPaths = (
			);
			inputPaths = (
				"${PODS_PODFILE_DIR_PATH}/Podfile.lock",
				"${PODS_ROOT}/Manifest.lock",
			);
			name = "[CP] Check Pods Manifest.lock";
			outputFileListPaths = (
			);
			outputPaths = (
				"$(DERIVED_FILE_DIR)/Pods-AR Biulding GIS-checkManifestLockResult.txt",
			);
			runOnlyForDeploymentPostprocessing = 0;
			shellPath = /bin/sh;
			shellScript = "diff \"${PODS_PODFILE_DIR_PATH}/Podfile.lock\" \"${PODS_ROOT}/Manifest.lock\" > /dev/null\nif [ $? != 0 ] ; then\n    # print error to STDERR\n    echo \"error: The sandbox is not in sync with the Podfile.lock. Run 'pod install' or update your CocoaPods installation.\" >&2\n    exit 1\nfi\n# This output is used by Xcode 'outputs' to avoid re-running this script phase.\necho \"SUCCESS\" > \"${SCRIPT_OUTPUT_FILE_0}\"\n";
			showEnvVarsInLog = 0;
		};
		FC3A858AD6AA550EE92FAF19 /* [CP] Embed Pods Frameworks */ = {
			isa = PBXShellScriptBuildPhase;
			buildActionMask = 2147483647;
			files = (
			);
			inputFileListPaths = (
				"${PODS_ROOT}/Target Support Files/Pods-AR Biulding GIS/Pods-AR Biulding GIS-frameworks-${CONFIGURATION}-input-files.xcfilelist",
			);
			name = "[CP] Embed Pods Frameworks";
			outputFileListPaths = (
				"${PODS_ROOT}/Target Support Files/Pods-AR Biulding GIS/Pods-AR Biulding GIS-frameworks-${CONFIGURATION}-output-files.xcfilelist",
			);
			runOnlyForDeploymentPostprocessing = 0;
			shellPath = /bin/sh;
			shellScript = "\"${PODS_ROOT}/Target Support Files/Pods-AR Biulding GIS/Pods-AR Biulding GIS-frameworks.sh\"\n";
			showEnvVarsInLog = 0;
		};
/* End PBXShellScriptBuildPhase section */

/* Begin PBXSourcesBuildPhase section */
		B7326F4125279F2200817C5B /* Sources */ = {
			isa = PBXSourcesBuildPhase;
			buildActionMask = 2147483647;
			files = (
				B7D520B42529097000CD0EB7 /* generateMeshSRTM.swift in Sources */,
				B725E0E4252835F900B593ED /* extensionSCNNode.swift in Sources */,
				B7D520AD2529046E00CD0EB7 /* helperGeometry.swift in Sources */,
				B7A483A32527A88100228640 /* LocationManager.swift in Sources */,
				B725E0C625281BFF00B593ED /* PolylineDraw.swift in Sources */,
				B7D520A22528D20800CD0EB7 /* sceneView.swift in Sources */,
				B7A483A52527A9D300228640 /* helperPositionIndicator.swift in Sources */,
				B725E0E2252834D800B593ED /* SessionAR.swift in Sources */,
				B7D520B825290A7D00CD0EB7 /* StartApp.swift in Sources */,
				B7326F4D25279F2200817C5B /* MapViewController.swift in Sources */,
				B7D5209F2528BE9700CD0EB7 /* MapSceneViewController.swift in Sources */,
				B725E0D32528330300B593ED /* NetworkService.swift in Sources */,
				B725E0CF25282EFA00B593ED /* ARController.swift in Sources */,
				B7326F4925279F2200817C5B /* AppDelegate.swift in Sources */,
				B7326F4B25279F2200817C5B /* SceneDelegate.swift in Sources */,
				B725E0C925281C4E00B593ED /* gesturedelegate.swift in Sources */,
			);
			runOnlyForDeploymentPostprocessing = 0;
		};
/* End PBXSourcesBuildPhase section */

/* Begin PBXVariantGroup section */
		B7326F4E25279F2200817C5B /* Main(old).storyboard */ = {
			isa = PBXVariantGroup;
			children = (
				B7326F4F25279F2200817C5B /* Base */,
			);
			name = "Main(old).storyboard";
			sourceTree = "<group>";
		};
		B7326F5325279F2400817C5B /* LaunchScreen.storyboard */ = {
			isa = PBXVariantGroup;
			children = (
				B7326F5425279F2400817C5B /* Base */,
			);
			name = LaunchScreen.storyboard;
			sourceTree = "<group>";
		};
/* End PBXVariantGroup section */

/* Begin XCBuildConfiguration section */
		B7326F5725279F2400817C5B /* Debug */ = {
			isa = XCBuildConfiguration;
			buildSettings = {
				ALWAYS_SEARCH_USER_PATHS = NO;
				CLANG_ANALYZER_NONNULL = YES;
				CLANG_ANALYZER_NUMBER_OBJECT_CONVERSION = YES_AGGRESSIVE;
				CLANG_CXX_LANGUAGE_STANDARD = "gnu++14";
				CLANG_CXX_LIBRARY = "libc++";
				CLANG_ENABLE_MODULES = YES;
				CLANG_ENABLE_OBJC_ARC = YES;
				CLANG_ENABLE_OBJC_WEAK = YES;
				CLANG_WARN_BLOCK_CAPTURE_AUTORELEASING = YES;
				CLANG_WARN_BOOL_CONVERSION = YES;
				CLANG_WARN_COMMA = YES;
				CLANG_WARN_CONSTANT_CONVERSION = YES;
				CLANG_WARN_DEPRECATED_OBJC_IMPLEMENTATIONS = YES;
				CLANG_WARN_DIRECT_OBJC_ISA_USAGE = YES_ERROR;
				CLANG_WARN_DOCUMENTATION_COMMENTS = YES;
				CLANG_WARN_EMPTY_BODY = YES;
				CLANG_WARN_ENUM_CONVERSION = YES;
				CLANG_WARN_INFINITE_RECURSION = YES;
				CLANG_WARN_INT_CONVERSION = YES;
				CLANG_WARN_NON_LITERAL_NULL_CONVERSION = YES;
				CLANG_WARN_OBJC_IMPLICIT_RETAIN_SELF = YES;
				CLANG_WARN_OBJC_LITERAL_CONVERSION = YES;
				CLANG_WARN_OBJC_ROOT_CLASS = YES_ERROR;
				CLANG_WARN_QUOTED_INCLUDE_IN_FRAMEWORK_HEADER = YES;
				CLANG_WARN_RANGE_LOOP_ANALYSIS = YES;
				CLANG_WARN_STRICT_PROTOTYPES = YES;
				CLANG_WARN_SUSPICIOUS_MOVE = YES;
				CLANG_WARN_UNGUARDED_AVAILABILITY = YES_AGGRESSIVE;
				CLANG_WARN_UNREACHABLE_CODE = YES;
				CLANG_WARN__DUPLICATE_METHOD_MATCH = YES;
				COPY_PHASE_STRIP = NO;
				DEBUG_INFORMATION_FORMAT = dwarf;
				ENABLE_STRICT_OBJC_MSGSEND = YES;
				ENABLE_TESTABILITY = YES;
				GCC_C_LANGUAGE_STANDARD = gnu11;
				GCC_DYNAMIC_NO_PIC = NO;
				GCC_NO_COMMON_BLOCKS = YES;
				GCC_OPTIMIZATION_LEVEL = 0;
				GCC_PREPROCESSOR_DEFINITIONS = (
					"DEBUG=1",
					"$(inherited)",
				);
				GCC_WARN_64_TO_32_BIT_CONVERSION = YES;
				GCC_WARN_ABOUT_RETURN_TYPE = YES_ERROR;
				GCC_WARN_UNDECLARED_SELECTOR = YES;
				GCC_WARN_UNINITIALIZED_AUTOS = YES_AGGRESSIVE;
				GCC_WARN_UNUSED_FUNCTION = YES;
				GCC_WARN_UNUSED_VARIABLE = YES;
				IPHONEOS_DEPLOYMENT_TARGET = 14.0;
				MTL_ENABLE_DEBUG_INFO = INCLUDE_SOURCE;
				MTL_FAST_MATH = YES;
				ONLY_ACTIVE_ARCH = YES;
				SDKROOT = iphoneos;
				SWIFT_ACTIVE_COMPILATION_CONDITIONS = DEBUG;
				SWIFT_OPTIMIZATION_LEVEL = "-Onone";
			};
			name = Debug;
		};
		B7326F5825279F2400817C5B /* Release */ = {
			isa = XCBuildConfiguration;
			buildSettings = {
				ALWAYS_SEARCH_USER_PATHS = NO;
				CLANG_ANALYZER_NONNULL = YES;
				CLANG_ANALYZER_NUMBER_OBJECT_CONVERSION = YES_AGGRESSIVE;
				CLANG_CXX_LANGUAGE_STANDARD = "gnu++14";
				CLANG_CXX_LIBRARY = "libc++";
				CLANG_ENABLE_MODULES = YES;
				CLANG_ENABLE_OBJC_ARC = YES;
				CLANG_ENABLE_OBJC_WEAK = YES;
				CLANG_WARN_BLOCK_CAPTURE_AUTORELEASING = YES;
				CLANG_WARN_BOOL_CONVERSION = YES;
				CLANG_WARN_COMMA = YES;
				CLANG_WARN_CONSTANT_CONVERSION = YES;
				CLANG_WARN_DEPRECATED_OBJC_IMPLEMENTATIONS = YES;
				CLANG_WARN_DIRECT_OBJC_ISA_USAGE = YES_ERROR;
				CLANG_WARN_DOCUMENTATION_COMMENTS = YES;
				CLANG_WARN_EMPTY_BODY = YES;
				CLANG_WARN_ENUM_CONVERSION = YES;
				CLANG_WARN_INFINITE_RECURSION = YES;
				CLANG_WARN_INT_CONVERSION = YES;
				CLANG_WARN_NON_LITERAL_NULL_CONVERSION = YES;
				CLANG_WARN_OBJC_IMPLICIT_RETAIN_SELF = YES;
				CLANG_WARN_OBJC_LITERAL_CONVERSION = YES;
				CLANG_WARN_OBJC_ROOT_CLASS = YES_ERROR;
				CLANG_WARN_QUOTED_INCLUDE_IN_FRAMEWORK_HEADER = YES;
				CLANG_WARN_RANGE_LOOP_ANALYSIS = YES;
				CLANG_WARN_STRICT_PROTOTYPES = YES;
				CLANG_WARN_SUSPICIOUS_MOVE = YES;
				CLANG_WARN_UNGUARDED_AVAILABILITY = YES_AGGRESSIVE;
				CLANG_WARN_UNREACHABLE_CODE = YES;
				CLANG_WARN__DUPLICATE_METHOD_MATCH = YES;
				COPY_PHASE_STRIP = NO;
				DEBUG_INFORMATION_FORMAT = "dwarf-with-dsym";
				ENABLE_NS_ASSERTIONS = NO;
				ENABLE_STRICT_OBJC_MSGSEND = YES;
				GCC_C_LANGUAGE_STANDARD = gnu11;
				GCC_NO_COMMON_BLOCKS = YES;
				GCC_WARN_64_TO_32_BIT_CONVERSION = YES;
				GCC_WARN_ABOUT_RETURN_TYPE = YES_ERROR;
				GCC_WARN_UNDECLARED_SELECTOR = YES;
				GCC_WARN_UNINITIALIZED_AUTOS = YES_AGGRESSIVE;
				GCC_WARN_UNUSED_FUNCTION = YES;
				GCC_WARN_UNUSED_VARIABLE = YES;
				IPHONEOS_DEPLOYMENT_TARGET = 14.0;
				MTL_ENABLE_DEBUG_INFO = NO;
				MTL_FAST_MATH = YES;
				SDKROOT = iphoneos;
				SWIFT_COMPILATION_MODE = wholemodule;
				SWIFT_OPTIMIZATION_LEVEL = "-O";
				VALIDATE_PRODUCT = YES;
			};
			name = Release;
		};
		B7326F5A25279F2400817C5B /* Debug */ = {
			isa = XCBuildConfiguration;
			baseConfigurationReference = 78F41AD8774E51913663123D /* Pods-AR Biulding GIS.debug.xcconfig */;
			buildSettings = {
				ASSETCATALOG_COMPILER_APPICON_NAME = AppIcon;
				ASSETCATALOG_COMPILER_GLOBAL_ACCENT_COLOR_NAME = AccentColor;
				CODE_SIGN_STYLE = Automatic;
				DEVELOPMENT_TEAM = 9RCKEM6H93;
				INFOPLIST_FILE = "AR Biulding GIS/Info.plist";
				IPHONEOS_DEPLOYMENT_TARGET = 13.5;
				LD_RUNPATH_SEARCH_PATHS = (
					"$(inherited)",
					"@executable_path/Frameworks",
				);
				PRODUCT_BUNDLE_IDENTIFIER = "brazilec22.hack.org.AR-Biulding-GIS";
				PRODUCT_NAME = "$(TARGET_NAME)";
				SWIFT_VERSION = 5.0;
				TARGETED_DEVICE_FAMILY = 1;
			};
			name = Debug;
		};
		B7326F5B25279F2400817C5B /* Release */ = {
			isa = XCBuildConfiguration;
			baseConfigurationReference = 72254E5E6C24B49E8C7DD9B3 /* Pods-AR Biulding GIS.release.xcconfig */;
			buildSettings = {
				ASSETCATALOG_COMPILER_APPICON_NAME = AppIcon;
				ASSETCATALOG_COMPILER_GLOBAL_ACCENT_COLOR_NAME = AccentColor;
				CODE_SIGN_STYLE = Automatic;
				DEVELOPMENT_TEAM = 9RCKEM6H93;
				INFOPLIST_FILE = "AR Biulding GIS/Info.plist";
				IPHONEOS_DEPLOYMENT_TARGET = 13.5;
				LD_RUNPATH_SEARCH_PATHS = (
					"$(inherited)",
					"@executable_path/Frameworks",
				);
				PRODUCT_BUNDLE_IDENTIFIER = "brazilec22.hack.org.AR-Biulding-GIS";
				PRODUCT_NAME = "$(TARGET_NAME)";
				SWIFT_VERSION = 5.0;
				TARGETED_DEVICE_FAMILY = 1;
			};
			name = Release;
		};
/* End XCBuildConfiguration section */

/* Begin XCConfigurationList section */
		B7326F4025279F2200817C5B /* Build configuration list for PBXProject "AR Biulding GIS" */ = {
			isa = XCConfigurationList;
			buildConfigurations = (
				B7326F5725279F2400817C5B /* Debug */,
				B7326F5825279F2400817C5B /* Release */,
			);
			defaultConfigurationIsVisible = 0;
			defaultConfigurationName = Release;
		};
		B7326F5925279F2400817C5B /* Build configuration list for PBXNativeTarget "AR Biulding GIS" */ = {
			isa = XCConfigurationList;
			buildConfigurations = (
				B7326F5A25279F2400817C5B /* Debug */,
				B7326F5B25279F2400817C5B /* Release */,
			);
			defaultConfigurationIsVisible = 0;
			defaultConfigurationName = Release;
		};
/* End XCConfigurationList section */
	};
	rootObject = B7326F3D25279F2200817C5B /* Project object */;
}
